
Microsoft Visual Studio Solution File, Format Version 12.00
# Visual Studio Version 17
VisualStudioVersion = 17.9.34607.119
MinimumVisualStudioVersion = 10.0.40219.1
Project("{FAE04EC0-301F-11D3-BF4B-00C04F79EFBC}") = "Twkelat.Mobile", "Twkelat.Mobile\Twkelat.Mobile.csproj", "{BDEAFEBC-16B3-4807-B5FD-86B76CCA376A}"
EndProject
Global
	GlobalSection(SolutionConfigurationPlatforms) = preSolution
		Debug|Any CPU = Debug|Any CPU
		Release|Any CPU = Release|Any CPU
	EndGlobalSection
	GlobalSection(ProjectConfigurationPlatforms) = postSolution
		{BDEAFEBC-16B3-4807-B5FD-86B76CCA376A}.Debug|Any CPU.ActiveCfg = Debug|Any CPU
		{BDEAFEBC-16B3-4807-B5FD-86B76CCA376A}.Debug|Any CPU.Build.0 = Debug|Any CPU
		{BDEAFEBC-16B3-4807-B5FD-86B76CCA376A}.Debug|Any CPU.Deploy.0 = Debug|Any CPU
		{BDEAFEBC-16B3-4807-B5FD-86B76CCA376A}.Release|Any CPU.ActiveCfg = Release|Any CPU
		{BDEAFEBC-16B3-4807-B5FD-86B76CCA376A}.Release|Any CPU.Build.0 = Release|Any CPU
		{BDEAFEBC-16B3-4807-B5FD-86B76CCA376A}.Release|Any CPU.Deploy.0 = Release|Any CPU
	EndGlobalSection
	GlobalSection(SolutionProperties) = preSolution
		HideSolutionNode = FALSE
	EndGlobalSection
	GlobalSection(ExtensibilityGlobals) = postSolution
		SolutionGuid = {3BDD832F-22F7-434B-B8E5-045DA0AF0B47}
	EndGlobalSection
EndGlobal
